# Auto-generated by tools/targets/stratified_sample.py — do not edit
{
  "actual_n": 300,
  "family_breakdown": {
    "OpenRA": {
      "http": 7
    },
    "abp": {
      "di": 7,
      "http": 2,
      "logger": 32
    },
    "aspnetcore": {
      "config": 1,
      "di": 24,
      "http": 1,
      "logger": 13
    },
    "duplicati": {
      "di": 3,
      "http": 6
    },
    "eShop": {
      "di": 1,
      "logger": 10
    },
    "efcore": {
      "di": 1
    },
    "garnet": {
      "logger": 43
    },
    "jellyfin": {
      "config": 1,
      "di": 1,
      "http": 1,
      "logger": 59
    },
    "orleans": {
      "config": 4,
      "di": 9,
      "logger": 6
    },
    "roslyn": {
      "logger": 5
    },
    "semantic-kernel": {
      "di": 22,
      "http": 1,
      "logger": 18
    },
    "server": {
      "config": 1,
      "di": 15,
      "logger": 6
    }
  },
  "family_rules_module": "tools/targets/stratified_sample.py",
  "method": "sqrt-proportional per repo, linear-proportional per family within repo",
  "out_csv_sha256": "4db523f966ff24a469895a105db6dd011fc22bd52f401c4b5fbe83d905bb2823",
  "repo_alloc": {
    "OpenRA": 7,
    "abp": 41,
    "aspnetcore": 39,
    "duplicati": 9,
    "eShop": 11,
    "efcore": 1,
    "garnet": 43,
    "jellyfin": 62,
    "orleans": 19,
    "roslyn": 5,
    "semantic-kernel": 41,
    "server": 22
  },
  "repo_floor": 3,
  "seed": 42,
  "source": "targets/v1/targets.csv",
  "source_sha256": "aca60f388a4c82c8af021a76ea47a443838b7edb6a7992fe21f9fe3afe8d5e10",
  "target_n": 300
}
