# Provenance for targets/v1/targets.csv
# Generated by tools/targets/build_targets.py — do not edit by hand.
# Re-run the script and commit the diff if the inputs change.

version: v1
generated_utc: "2026-05-09T19:28:29+00:00"

source_data:
  mode1_sites_csv: "Mode1Analyzer/results/mode1_sites.csv"
  mode1_sites_sha256: "de27ed674136d9af6ebe0d1f032d43037473c0b5b3cc2c919291ff6b38614992"
  coverage_xml_root: "/tmp/cov_phase2"
  coverage_phase: "phase1-baseline"

scope:
  description: "Production Mode#1 static-call sites that are NOT currently line-covered."
  excluded_categories:
    - "non_production_paths (test/, sample/, benchmark/, playground/)"
    - "currently_covered (line hits > 0 in baseline cobertura)"
    - "unknown_file (no cobertura entry — test suite never loaded the assembly)"
    - "unknown_line (cobertura has file but not the exact line — multi-line expr)"

counts:
  targets_total: 3147
  covered_excluded: 1087
  skipped_non_production: 1167
  skipped_unknown_file: 901
  skipped_unknown_line: 19

targets_by_repo:
  abp: 445
  aspnetcore: 403
  Avalonia: 0
  duplicati: 21
  efcore: 1
  eShop: 30
  garnet: 499
  jellyfin: 1046
  OpenRA: 13
  orleans: 98
  roslyn: 6
  runtime: 0
  semantic-kernel: 458
  server: 127
  StockSharp: 0

artifacts:
  targets_csv_sha256: "aca60f388a4c82c8af021a76ea47a443838b7edb6a7992fe21f9fe3afe8d5e10"
  covered_sites_analysis_csv_sha256: "ca0eb731a97627ee7c4cda18e0411d76224533b97adaaa7799a79bad9e315ef5"
